# This file was autogenerated by Stack.
# You should not edit this file by hand.
# For more information, please see the documentation at:
#   https://docs.haskellstack.org/en/stable/lock_files

packages:
- completed:
    hackage: srtree-1.0.0.4@sha256:66c147119adf022d0ae8dc59ffb0582595836152a96124838da16411a45559cb,1742
    pantry-tree:
      sha256: 5c8df2908e2ce8bc3f9a5659444d8b137455ceee81a24e38da3d3427a207f98c
      size: 632
  original:
    hackage: srtree-1.0.0.4
- completed:
    commit: 662cae4f4c4eece00fdb747176d24aeb63b97024
    git: https://github.com/folivetti/pandoc-symreg.git
    name: pandoc-symreg
    pantry-tree:
      sha256: 3463e2456e118106287f636259ca42a8f2845b08fba285dfd1d00248d2728c92
      size: 2588
    version: 0.2.1.3
  original:
    commit: 662cae4f4c4eece00fdb747176d24aeb63b97024
    git: https://github.com/folivetti/pandoc-symreg.git
- completed:
    hackage: hegg-0.3.0.0@sha256:913a91c7326a767626d6bc949ea38af857cc6dee22b3e49270f7342e2b2bf762,5718
    pantry-tree:
      sha256: 14f9d1f8409bdbf66deaac5a7e38792ed55a56bbbcbb175bd3fa9dd334b754e4
      size: 2313
  original:
    hackage: hegg-0.3.0.0
- completed:
    commit: a5be3d119f1119177b52f6ad943ab7a281dadd2e
    git: https://github.com/folivetti/srtree-opt.git
    name: srtree-opt
    pantry-tree:
      sha256: 352f94133fd6af18047fd712125324727602726dc006b27ce4f201c2356a9a05
      size: 1468
    version: 0.1.0.0
  original:
    commit: a5be3d119f1119177b52f6ad943ab7a281dadd2e
    git: https://github.com/folivetti/srtree-opt.git
- completed:
    commit: a0c09b3c339471b086518c774dee4a00be37649b
    git: https://github.com/folivetti/srtree-datasets.git
    name: srtree-datasets
    pantry-tree:
      sha256: df566b7b39b96fb1833b8769dad85fa02c352f624de851470a05626e2f147303
      size: 691
    version: 0.1.0.0
  original:
    commit: a0c09b3c339471b086518c774dee4a00be37649b
    git: https://github.com/folivetti/srtree-datasets.git
- completed:
    hackage: optparse-applicative-0.18.1.0@sha256:b4cf8d9018e5e67cb1f14edb5130b6d05ad8bc1b5f6bd4efaa6ec0b7f28f559d,5132
    pantry-tree:
      sha256: 32f52adc150eb146bf4d167ff0cb21fc1e3cd7ecc1b9e5e83b986a1cd1bc58cd
      size: 3124
  original:
    hackage: optparse-applicative-0.18.1.0@sha256:b4cf8d9018e5e67cb1f14edb5130b6d05ad8bc1b5f6bd4efaa6ec0b7f28f559d,5132
snapshots:
- completed:
    sha256: 1d5fb7e344e76dd2c8958e3061d4e4dabb50a1355e6ff02e7d0e4f754c0adf47
    size: 640015
    url: https://raw.githubusercontent.com/commercialhaskell/stackage-snapshots/master/lts/21/5.yaml
  original: lts-21.5
